// !$*UTF8*$!
{
	archiveVersion = 1;
	classes = {
	};
	objectVersion = 56;
	objects = {

/* Begin PBXBuildFile section */
		D563433E2D3C602F00A5F8FA /* SwiftUINetworkingCachingApp.swift in Sources */ = {isa = PBXBuildFile; fileRef = D563433D2D3C602F00A5F8FA /* SwiftUINetworkingCachingApp.swift */; };
		D56343422D3C603000A5F8FA /* Assets.xcassets in Resources */ = {isa = PBXBuildFile; fileRef = D56343412D3C603000A5F8FA /* Assets.xcassets */; };
		D56343452D3C603000A5F8FA /* Preview Assets.xcassets in Resources */ = {isa = PBXBuildFile; fileRef = D56343442D3C603000A5F8FA /* Preview Assets.xcassets */; };
		D56343512D3C609100A5F8FA /* Recipes.swift in Sources */ = {isa = PBXBuildFile; fileRef = D56343502D3C609100A5F8FA /* Recipes.swift */; };
		D56343532D3C60AF00A5F8FA /* NetworkService.swift in Sources */ = {isa = PBXBuildFile; fileRef = D56343522D3C60AF00A5F8FA /* NetworkService.swift */; };
		D56343552D3C60D100A5F8FA /* EmptyView.swift in Sources */ = {isa = PBXBuildFile; fileRef = D56343542D3C60D100A5F8FA /* EmptyView.swift */; };
		D56343572D3C60FB00A5F8FA /* RecipeView.swift in Sources */ = {isa = PBXBuildFile; fileRef = D56343562D3C60FB00A5F8FA /* RecipeView.swift */; };
		D56343592D3C611B00A5F8FA /* RecipeList.swift in Sources */ = {isa = PBXBuildFile; fileRef = D56343582D3C611B00A5F8FA /* RecipeList.swift */; };
		D563435B2D3C614600A5F8FA /* RecipeViewModel.swift in Sources */ = {isa = PBXBuildFile; fileRef = D563435A2D3C614600A5F8FA /* RecipeViewModel.swift */; };
/* End PBXBuildFile section */

/* Begin PBXFileReference section */
		D563433A2D3C602F00A5F8FA /* SwiftUINetworkingCaching.app */ = {isa = PBXFileReference; explicitFileType = wrapper.application; includeInIndex = 0; path = SwiftUINetworkingCaching.app; sourceTree = BUILT_PRODUCTS_DIR; };
		D563433D2D3C602F00A5F8FA /* SwiftUINetworkingCachingApp.swift */ = {isa = PBXFileReference; lastKnownFileType = sourcecode.swift; path = SwiftUINetworkingCachingApp.swift; sourceTree = "<group>"; };
		D56343412D3C603000A5F8FA /* Assets.xcassets */ = {isa = PBXFileReference; lastKnownFileType = folder.assetcatalog; path = Assets.xcassets; sourceTree = "<group>"; };
		D56343442D3C603000A5F8FA /* Preview Assets.xcassets */ = {isa = PBXFileReference; lastKnownFileType = folder.assetcatalog; path = "Preview Assets.xcassets"; sourceTree = "<group>"; };
		D56343502D3C609100A5F8FA /* Recipes.swift */ = {isa = PBXFileReference; lastKnownFileType = sourcecode.swift; path = Recipes.swift; sourceTree = "<group>"; };
		D56343522D3C60AF00A5F8FA /* NetworkService.swift */ = {isa = PBXFileReference; lastKnownFileType = sourcecode.swift; path = NetworkService.swift; sourceTree = "<group>"; };
		D56343542D3C60D100A5F8FA /* EmptyView.swift */ = {isa = PBXFileReference; lastKnownFileType = sourcecode.swift; path = EmptyView.swift; sourceTree = "<group>"; };
		D56343562D3C60FB00A5F8FA /* RecipeView.swift */ = {isa = PBXFileReference; lastKnownFileType = sourcecode.swift; path = RecipeView.swift; sourceTree = "<group>"; };
		D56343582D3C611B00A5F8FA /* RecipeList.swift */ = {isa = PBXFileReference; lastKnownFileType = sourcecode.swift; path = RecipeList.swift; sourceTree = "<group>"; };
		D563435A2D3C614600A5F8FA /* RecipeViewModel.swift */ = {isa = PBXFileReference; lastKnownFileType = sourcecode.swift; path = RecipeViewModel.swift; sourceTree = "<group>"; };
/* End PBXFileReference section */

/* Begin PBXFrameworksBuildPhase section */
		D56343372D3C602F00A5F8FA /* Frameworks */ = {
			isa = PBXFrameworksBuildPhase;
			buildActionMask = 2147483647;
			files = (
			);
			runOnlyForDeploymentPostprocessing = 0;
		};
/* End PBXFrameworksBuildPhase section */

/* Begin PBXGroup section */
		D56343312D3C602F00A5F8FA = {
			isa = PBXGroup;
			children = (
				D563433C2D3C602F00A5F8FA /* SwiftUINetworkingCaching */,
				D563433B2D3C602F00A5F8FA /* Products */,
			);
			sourceTree = "<group>";
		};
		D563433B2D3C602F00A5F8FA /* Products */ = {
			isa = PBXGroup;
			children = (
				D563433A2D3C602F00A5F8FA /* SwiftUINetworkingCaching.app */,
			);
			name = Products;
			sourceTree = "<group>";
		};
		D563433C2D3C602F00A5F8FA /* SwiftUINetworkingCaching */ = {
			isa = PBXGroup;
			children = (
				D563433D2D3C602F00A5F8FA /* SwiftUINetworkingCachingApp.swift */,
				D563434F2D3C605500A5F8FA /* Model */,
				D563434E2D3C604B00A5F8FA /* ViewModel */,
				D563434D2D3C604500A5F8FA /* View */,
				D563434B2D3C603500A5F8FA /* Networking */,
				D56343412D3C603000A5F8FA /* Assets.xcassets */,
				D56343432D3C603000A5F8FA /* Preview Content */,
			);
			path = SwiftUINetworkingCaching;
			sourceTree = "<group>";
		};
		D56343432D3C603000A5F8FA /* Preview Content */ = {
			isa = PBXGroup;
			children = (
				D56343442D3C603000A5F8FA /* Preview Assets.xcassets */,
			);
			path = "Preview Content";
			sourceTree = "<group>";
		};
		D563434B2D3C603500A5F8FA /* Networking */ = {
			isa = PBXGroup;
			children = (
				D56343522D3C60AF00A5F8FA /* NetworkService.swift */,
			);
			path = Networking;
			sourceTree = "<group>";
		};
		D563434D2D3C604500A5F8FA /* View */ = {
			isa = PBXGroup;
			children = (
				D56343542D3C60D100A5F8FA /* EmptyView.swift */,
				D56343562D3C60FB00A5F8FA /* RecipeView.swift */,
				D56343582D3C611B00A5F8FA /* RecipeList.swift */,
			);
			path = View;
			sourceTree = "<group>";
		};
		D563434E2D3C604B00A5F8FA /* ViewModel */ = {
			isa = PBXGroup;
			children = (
				D563435A2D3C614600A5F8FA /* RecipeViewModel.swift */,
			);
			path = ViewModel;
			sourceTree = "<group>";
		};
		D563434F2D3C605500A5F8FA /* Model */ = {
			isa = PBXGroup;
			children = (
				D56343502D3C609100A5F8FA /* Recipes.swift */,
			);
			path = Model;
			sourceTree = "<group>";
		};
/* End PBXGroup section */

/* Begin PBXNativeTarget section */
		D56343392D3C602F00A5F8FA /* SwiftUINetworkingCaching */ = {
			isa = PBXNativeTarget;
			buildConfigurationList = D56343482D3C603000A5F8FA /* Build configuration list for PBXNativeTarget "SwiftUINetworkingCaching" */;
			buildPhases = (
				D56343362D3C602F00A5F8FA /* Sources */,
				D56343372D3C602F00A5F8FA /* Frameworks */,
				D56343382D3C602F00A5F8FA /* Resources */,
			);
			buildRules = (
			);
			dependencies = (
			);
			name = SwiftUINetworkingCaching;
			productName = SwiftUINetworkingCaching;
			productReference = D563433A2D3C602F00A5F8FA /* SwiftUINetworkingCaching.app */;
			productType = "com.apple.product-type.application";
		};
/* End PBXNativeTarget section */

/* Begin PBXProject section */
		D56343322D3C602F00A5F8FA /* Project object */ = {
			isa = PBXProject;
			attributes = {
				BuildIndependentTargetsInParallel = 1;
				LastSwiftUpdateCheck = 1540;
				LastUpgradeCheck = 1540;
				TargetAttributes = {
					D56343392D3C602F00A5F8FA = {
						CreatedOnToolsVersion = 15.4;
					};
				};
			};
			buildConfigurationList = D56343352D3C602F00A5F8FA /* Build configuration list for PBXProject "SwiftUINetworkingCaching" */;
			compatibilityVersion = "Xcode 14.0";
			developmentRegion = en;
			hasScannedForEncodings = 0;
			knownRegions = (
				en,
				Base,
			);
			mainGroup = D56343312D3C602F00A5F8FA;
			productRefGroup = D563433B2D3C602F00A5F8FA /* Products */;
			projectDirPath = "";
			projectRoot = "";
			targets = (
				D56343392D3C602F00A5F8FA /* SwiftUINetworkingCaching */,
			);
		};
/* End PBXProject section */

/* Begin PBXResourcesBuildPhase section */
		D56343382D3C602F00A5F8FA /* Resources */ = {
			isa = PBXResourcesBuildPhase;
			buildActionMask = 2147483647;
			files = (
				D56343452D3C603000A5F8FA /* Preview Assets.xcassets in Resources */,
				D56343422D3C603000A5F8FA /* Assets.xcassets in Resources */,
			);
			runOnlyForDeploymentPostprocessing = 0;
		};
/* End PBXResourcesBuildPhase section */

/* Begin PBXSourcesBuildPhase section */
		D56343362D3C602F00A5F8FA /* Sources */ = {
			isa = PBXSourcesBuildPhase;
			buildActionMask = 2147483647;
			files = (
				D56343572D3C60FB00A5F8FA /* RecipeView.swift in Sources */,
				D56343552D3C60D100A5F8FA /* EmptyView.swift in Sources */,
				D56343512D3C609100A5F8FA /* Recipes.swift in Sources */,
				D563435B2D3C614600A5F8FA /* RecipeViewModel.swift in Sources */,
				D56343532D3C60AF00A5F8FA /* NetworkService.swift in Sources */,
				D563433E2D3C602F00A5F8FA /* SwiftUINetworkingCachingApp.swift in Sources */,
				D56343592D3C611B00A5F8FA /* RecipeList.swift in Sources */,
			);
			runOnlyForDeploymentPostprocessing = 0;
		};
/* End PBXSourcesBuildPhase section */

/* Begin XCBuildConfiguration section */
		D56343462D3C603000A5F8FA /* Debug */ = {
			isa = XCBuildConfiguration;
			buildSettings = {
				ALWAYS_SEARCH_USER_PATHS = NO;
				ASSETCATALOG_COMPILER_GENERATE_SWIFT_ASSET_SYMBOL_EXTENSIONS = YES;
				CLANG_ANALYZER_NONNULL = YES;
				CLANG_ANALYZER_NUMBER_OBJECT_CONVERSION = YES_AGGRESSIVE;
				CLANG_CXX_LANGUAGE_STANDARD = "gnu++20";
				CLANG_ENABLE_MODULES = YES;
				CLANG_ENABLE_OBJC_ARC = YES;
				CLANG_ENABLE_OBJC_WEAK = YES;
				CLANG_WARN_BLOCK_CAPTURE_AUTORELEASING = YES;
				CLANG_WARN_BOOL_CONVERSION = YES;
				CLANG_WARN_COMMA = YES;
				CLANG_WARN_CONSTANT_CONVERSION = YES;
				CLANG_WARN_DEPRECATED_OBJC_IMPLEMENTATIONS = YES;
				CLANG_WARN_DIRECT_OBJC_ISA_USAGE = YES_ERROR;
				CLANG_WARN_DOCUMENTATION_COMMENTS = YES;
				CLANG_WARN_EMPTY_BODY = YES;
				CLANG_WARN_ENUM_CONVERSION = YES;
				CLANG_WARN_INFINITE_RECURSION = YES;
				CLANG_WARN_INT_CONVERSION = YES;
				CLANG_WARN_NON_LITERAL_NULL_CONVERSION = YES;
				CLANG_WARN_OBJC_IMPLICIT_RETAIN_SELF = YES;
				CLANG_WARN_OBJC_LITERAL_CONVERSION = YES;
				CLANG_WARN_OBJC_ROOT_CLASS = YES_ERROR;
				CLANG_WARN_QUOTED_INCLUDE_IN_FRAMEWORK_HEADER = YES;
				CLANG_WARN_RANGE_LOOP_ANALYSIS = YES;
				CLANG_WARN_STRICT_PROTOTYPES = YES;
				CLANG_WARN_SUSPICIOUS_MOVE = YES;
				CLANG_WARN_UNGUARDED_AVAILABILITY = YES_AGGRESSIVE;
				CLANG_WARN_UNREACHABLE_CODE = YES;
				CLANG_WARN__DUPLICATE_METHOD_MATCH = YES;
				COPY_PHASE_STRIP = NO;
				DEBUG_INFORMATION_FORMAT = dwarf;
				ENABLE_STRICT_OBJC_MSGSEND = YES;
				ENABLE_TESTABILITY = YES;
				ENABLE_USER_SCRIPT_SANDBOXING = YES;
				GCC_C_LANGUAGE_STANDARD = gnu17;
				GCC_DYNAMIC_NO_PIC = NO;
				GCC_NO_COMMON_BLOCKS = YES;
				GCC_OPTIMIZATION_LEVEL = 0;
				GCC_PREPROCESSOR_DEFINITIONS = (
					"DEBUG=1",
					"$(inherited)",
				);
				GCC_WARN_64_TO_32_BIT_CONVERSION = YES;
				GCC_WARN_ABOUT_RETURN_TYPE = YES_ERROR;
				GCC_WARN_UNDECLARED_SELECTOR = YES;
				GCC_WARN_UNINITIALIZED_AUTOS = YES_AGGRESSIVE;
				GCC_WARN_UNUSED_FUNCTION = YES;
				GCC_WARN_UNUSED_VARIABLE = YES;
				IPHONEOS_DEPLOYMENT_TARGET = 17.5;
				LOCALIZATION_PREFERS_STRING_CATALOGS = YES;
				MTL_ENABLE_DEBUG_INFO = INCLUDE_SOURCE;
				MTL_FAST_MATH = YES;
				ONLY_ACTIVE_ARCH = YES;
				SDKROOT = iphoneos;
				SWIFT_ACTIVE_COMPILATION_CONDITIONS = "DEBUG $(inherited)";
				SWIFT_OPTIMIZATION_LEVEL = "-Onone";
			};
			name = Debug;
		};
		D56343472D3C603000A5F8FA /* Release */ = {
			isa = XCBuildConfiguration;
			buildSettings = {
				ALWAYS_SEARCH_USER_PATHS = NO;
				ASSETCATALOG_COMPILER_GENERATE_SWIFT_ASSET_SYMBOL_EXTENSIONS = YES;
				CLANG_ANALYZER_NONNULL = YES;
				CLANG_ANALYZER_NUMBER_OBJECT_CONVERSION = YES_AGGRESSIVE;
				CLANG_CXX_LANGUAGE_STANDARD = "gnu++20";
				CLANG_ENABLE_MODULES = YES;
				CLANG_ENABLE_OBJC_ARC = YES;
				CLANG_ENABLE_OBJC_WEAK = YES;
				CLANG_WARN_BLOCK_CAPTURE_AUTORELEASING = YES;
				CLANG_WARN_BOOL_CONVERSION = YES;
				CLANG_WARN_COMMA = YES;
				CLANG_WARN_CONSTANT_CONVERSION = YES;
				CLANG_WARN_DEPRECATED_OBJC_IMPLEMENTATIONS = YES;
				CLANG_WARN_DIRECT_OBJC_ISA_USAGE = YES_ERROR;
				CLANG_WARN_DOCUMENTATION_COMMENTS = YES;
				CLANG_WARN_EMPTY_BODY = YES;
				CLANG_WARN_ENUM_CONVERSION = YES;
				CLANG_WARN_INFINITE_RECURSION = YES;
				CLANG_WARN_INT_CONVERSION = YES;
				CLANG_WARN_NON_LITERAL_NULL_CONVERSION = YES;
				CLANG_WARN_OBJC_IMPLICIT_RETAIN_SELF = YES;
				CLANG_WARN_OBJC_LITERAL_CONVERSION = YES;
				CLANG_WARN_OBJC_ROOT_CLASS = YES_ERROR;
				CLANG_WARN_QUOTED_INCLUDE_IN_FRAMEWORK_HEADER = YES;
				CLANG_WARN_RANGE_LOOP_ANALYSIS = YES;
				CLANG_WARN_STRICT_PROTOTYPES = YES;
				CLANG_WARN_SUSPICIOUS_MOVE = YES;
				CLANG_WARN_UNGUARDED_AVAILABILITY = YES_AGGRESSIVE;
				CLANG_WARN_UNREACHABLE_CODE = YES;
				CLANG_WARN__DUPLICATE_METHOD_MATCH = YES;
				COPY_PHASE_STRIP = NO;
				DEBUG_INFORMATION_FORMAT = "dwarf-with-dsym";
				ENABLE_NS_ASSERTIONS = NO;
				ENABLE_STRICT_OBJC_MSGSEND = YES;
				ENABLE_USER_SCRIPT_SANDBOXING = YES;
				GCC_C_LANGUAGE_STANDARD = gnu17;
				GCC_NO_COMMON_BLOCKS = YES;
				GCC_WARN_64_TO_32_BIT_CONVERSION = YES;
				GCC_WARN_ABOUT_RETURN_TYPE = YES_ERROR;
				GCC_WARN_UNDECLARED_SELECTOR = YES;
				GCC_WARN_UNINITIALIZED_AUTOS = YES_AGGRESSIVE;
				GCC_WARN_UNUSED_FUNCTION = YES;
				GCC_WARN_UNUSED_VARIABLE = YES;
				IPHONEOS_DEPLOYMENT_TARGET = 17.5;
				LOCALIZATION_PREFERS_STRING_CATALOGS = YES;
				MTL_ENABLE_DEBUG_INFO = NO;
				MTL_FAST_MATH = YES;
				SDKROOT = iphoneos;
				SWIFT_COMPILATION_MODE = wholemodule;
				VALIDATE_PRODUCT = YES;
			};
			name = Release;
		};
		D56343492D3C603000A5F8FA /* Debug */ = {
			isa = XCBuildConfiguration;
			buildSettings = {
				ASSETCATALOG_COMPILER_APPICON_NAME = AppIcon;
				ASSETCATALOG_COMPILER_GLOBAL_ACCENT_COLOR_NAME = AccentColor;
				CODE_SIGN_STYLE = Automatic;
				CURRENT_PROJECT_VERSION = 1;
				DEVELOPMENT_ASSET_PATHS = "\"SwiftUINetworkingCaching/Preview Content\"";
				DEVELOPMENT_TEAM = C5456SHSF7;
				ENABLE_PREVIEWS = YES;
				GENERATE_INFOPLIST_FILE = YES;
				INFOPLIST_KEY_LSApplicationCategoryType = "public.app-category.food-and-drink";
				INFOPLIST_KEY_UIApplicationSceneManifest_Generation = YES;
				INFOPLIST_KEY_UIApplicationSupportsIndirectInputEvents = YES;
				INFOPLIST_KEY_UILaunchScreen_Generation = YES;
				INFOPLIST_KEY_UISupportedInterfaceOrientations_iPad = "UIInterfaceOrientationPortrait UIInterfaceOrientationPortraitUpsideDown UIInterfaceOrientationLandscapeLeft UIInterfaceOrientationLandscapeRight";
				INFOPLIST_KEY_UISupportedInterfaceOrientations_iPhone = "UIInterfaceOrientationPortrait UIInterfaceOrientationLandscapeLeft UIInterfaceOrientationLandscapeRight";
				IPHONEOS_DEPLOYMENT_TARGET = 17.0;
				LD_RUNPATH_SEARCH_PATHS = (
					"$(inherited)",
					"@executable_path/Frameworks",
				);
				MARKETING_VERSION = 1.0;
				PRODUCT_BUNDLE_IDENTIFIER = Serg.SwiftUINetworkingCaching;
				PRODUCT_NAME = "$(TARGET_NAME)";
				SWIFT_EMIT_LOC_STRINGS = YES;
				SWIFT_VERSION = 5.0;
				TARGETED_DEVICE_FAMILY = "1,2";
			};
			name = Debug;
		};
		D563434A2D3C603000A5F8FA /* Release */ = {
			isa = XCBuildConfiguration;
			buildSettings = {
				ASSETCATALOG_COMPILER_APPICON_NAME = AppIcon;
				ASSETCATALOG_COMPILER_GLOBAL_ACCENT_COLOR_NAME = AccentColor;
				CODE_SIGN_STYLE = Automatic;
				CURRENT_PROJECT_VERSION = 1;
				DEVELOPMENT_ASSET_PATHS = "\"SwiftUINetworkingCaching/Preview Content\"";
				DEVELOPMENT_TEAM = C5456SHSF7;
				ENABLE_PREVIEWS = YES;
				GENERATE_INFOPLIST_FILE = YES;
				INFOPLIST_KEY_LSApplicationCategoryType = "public.app-category.food-and-drink";
				INFOPLIST_KEY_UIApplicationSceneManifest_Generation = YES;
				INFOPLIST_KEY_UIApplicationSupportsIndirectInputEvents = YES;
				INFOPLIST_KEY_UILaunchScreen_Generation = YES;
				INFOPLIST_KEY_UISupportedInterfaceOrientations_iPad = "UIInterfaceOrientationPortrait UIInterfaceOrientationPortraitUpsideDown UIInterfaceOrientationLandscapeLeft UIInterfaceOrientationLandscapeRight";
				INFOPLIST_KEY_UISupportedInterfaceOrientations_iPhone = "UIInterfaceOrientationPortrait UIInterfaceOrientationLandscapeLeft UIInterfaceOrientationLandscapeRight";
				IPHONEOS_DEPLOYMENT_TARGET = 17.0;
				LD_RUNPATH_SEARCH_PATHS = (
					"$(inherited)",
					"@executable_path/Frameworks",
				);
				MARKETING_VERSION = 1.0;
				PRODUCT_BUNDLE_IDENTIFIER = Serg.SwiftUINetworkingCaching;
				PRODUCT_NAME = "$(TARGET_NAME)";
				SWIFT_EMIT_LOC_STRINGS = YES;
				SWIFT_VERSION = 5.0;
				TARGETED_DEVICE_FAMILY = "1,2";
			};
			name = Release;
		};
/* End XCBuildConfiguration section */

/* Begin XCConfigurationList section */
		D56343352D3C602F00A5F8FA /* Build configuration list for PBXProject "SwiftUINetworkingCaching" */ = {
			isa = XCConfigurationList;
			buildConfigurations = (
				D56343462D3C603000A5F8FA /* Debug */,
				D56343472D3C603000A5F8FA /* Release */,
			);
			defaultConfigurationIsVisible = 0;
			defaultConfigurationName = Release;
		};
		D56343482D3C603000A5F8FA /* Build configuration list for PBXNativeTarget "SwiftUINetworkingCaching" */ = {
			isa = XCConfigurationList;
			buildConfigurations = (
				D56343492D3C603000A5F8FA /* Debug */,
				D563434A2D3C603000A5F8FA /* Release */,
			);
			defaultConfigurationIsVisible = 0;
			defaultConfigurationName = Release;
		};
/* End XCConfigurationList section */
	};
	rootObject = D56343322D3C602F00A5F8FA /* Project object */;
}
